
Microsoft Visual Studio Solution File, Format Version 12.00
# Visual Studio Version 17
VisualStudioVersion = 17.7.34031.279
MinimumVisualStudioVersion = 10.0.40219.1
Project("{FAE04EC0-301F-11D3-BF4B-00C04F79EFBC}") = "QuanLyQuanCafe", "QuanLyQuanCafe\QuanLyQuanCafe.csproj", "{DAFAC92B-505B-4027-9BF0-A6559B38C955}"
EndProject
Global
	GlobalSection(SolutionConfigurationPlatforms) = preSolution
		Debug|Any CPU = Debug|Any CPU
		Release|Any CPU = Release|Any CPU
	EndGlobalSection
	GlobalSection(ProjectConfigurationPlatforms) = postSolution
		{DAFAC92B-505B-4027-9BF0-A6559B38C955}.Debug|Any CPU.ActiveCfg = Debug|Any CPU
		{DAFAC92B-505B-4027-9BF0-A6559B38C955}.Debug|Any CPU.Build.0 = Debug|Any CPU
		{DAFAC92B-505B-4027-9BF0-A6559B38C955}.Release|Any CPU.ActiveCfg = Release|Any CPU
		{DAFAC92B-505B-4027-9BF0-A6559B38C955}.Release|Any CPU.Build.0 = Release|Any CPU
	EndGlobalSection
	GlobalSection(SolutionProperties) = preSolution
		HideSolutionNode = FALSE
	EndGlobalSection
	GlobalSection(ExtensibilityGlobals) = postSolution
		SolutionGuid = {0C0C9E0A-4204-48E2-AA23-5A045653BE3B}
	EndGlobalSection
EndGlobal
